// !$*UTF8*$!
{
	archiveVersion = 1;
	classes = {
	};
	objectVersion = 48;
	objects = {

/* Begin PBXBuildFile section */
		31251FB8205C338B000EC06A /* AppDelegate.swift in Sources */ = {isa = PBXBuildFile; fileRef = 31251FB7205C338B000EC06A /* AppDelegate.swift */; };
		31251FBA205C338B000EC06A /* ViewController.swift in Sources */ = {isa = PBXBuildFile; fileRef = 31251FB9205C338B000EC06A /* ViewController.swift */; };
		31251FBD205C338B000EC06A /* Main.storyboard in Resources */ = {isa = PBXBuildFile; fileRef = 31251FBB205C338B000EC06A /* Main.storyboard */; };
		31251FBF205C338B000EC06A /* Assets.xcassets in Resources */ = {isa = PBXBuildFile; fileRef = 31251FBE205C338B000EC06A /* Assets.xcassets */; };
		31251FC2205C338B000EC06A /* LaunchScreen.storyboard in Resources */ = {isa = PBXBuildFile; fileRef = 31251FC0205C338B000EC06A /* LaunchScreen.storyboard */; };
		31251FCA205C3789000EC06A /* SearchModel.swift in Sources */ = {isa = PBXBuildFile; fileRef = 31251FC9205C3789000EC06A /* SearchModel.swift */; };
		31251FCC205C37E6000EC06A /* SearchViewModel.swift in Sources */ = {isa = PBXBuildFile; fileRef = 31251FCB205C37E6000EC06A /* SearchViewModel.swift */; };
		31251FCE205C3836000EC06A /* HttpClient.swift in Sources */ = {isa = PBXBuildFile; fileRef = 31251FCD205C3836000EC06A /* HttpClient.swift */; };
		3161318520D9FA4800A4008C /* ImageCollectionViewCell.swift in Sources */ = {isa = PBXBuildFile; fileRef = 3161318420D9FA4800A4008C /* ImageCollectionViewCell.swift */; };
		FDC7FDB73AA27349C56D1428 /* Pods_ImageSearchSample.framework in Frameworks */ = {isa = PBXBuildFile; fileRef = 624CCB7BDC358F3AE1155981 /* Pods_ImageSearchSample.framework */; };
/* End PBXBuildFile section */

/* Begin PBXFileReference section */
		31251FB4205C338B000EC06A /* ImageSearchSample.app */ = {isa = PBXFileReference; explicitFileType = wrapper.application; includeInIndex = 0; path = ImageSearchSample.app; sourceTree = BUILT_PRODUCTS_DIR; };
		31251FB7205C338B000EC06A /* AppDelegate.swift */ = {isa = PBXFileReference; lastKnownFileType = sourcecode.swift; path = AppDelegate.swift; sourceTree = "<group>"; };
		31251FB9205C338B000EC06A /* ViewController.swift */ = {isa = PBXFileReference; lastKnownFileType = sourcecode.swift; path = ViewController.swift; sourceTree = "<group>"; };
		31251FBC205C338B000EC06A /* Base */ = {isa = PBXFileReference; lastKnownFileType = file.storyboard; name = Base; path = Base.lproj/Main.storyboard; sourceTree = "<group>"; };
		31251FBE205C338B000EC06A /* Assets.xcassets */ = {isa = PBXFileReference; lastKnownFileType = folder.assetcatalog; path = Assets.xcassets; sourceTree = "<group>"; };
		31251FC1205C338B000EC06A /* Base */ = {isa = PBXFileReference; lastKnownFileType = file.storyboard; name = Base; path = Base.lproj/LaunchScreen.storyboard; sourceTree = "<group>"; };
		31251FC3205C338B000EC06A /* Info.plist */ = {isa = PBXFileReference; lastKnownFileType = text.plist.xml; path = Info.plist; sourceTree = "<group>"; };
		31251FC9205C3789000EC06A /* SearchModel.swift */ = {isa = PBXFileReference; lastKnownFileType = sourcecode.swift; path = SearchModel.swift; sourceTree = "<group>"; };
		31251FCB205C37E6000EC06A /* SearchViewModel.swift */ = {isa = PBXFileReference; lastKnownFileType = sourcecode.swift; path = SearchViewModel.swift; sourceTree = "<group>"; };
		31251FCD205C3836000EC06A /* HttpClient.swift */ = {isa = PBXFileReference; lastKnownFileType = sourcecode.swift; path = HttpClient.swift; sourceTree = "<group>"; };
		3161318420D9FA4800A4008C /* ImageCollectionViewCell.swift */ = {isa = PBXFileReference; lastKnownFileType = sourcecode.swift; path = ImageCollectionViewCell.swift; sourceTree = "<group>"; };
		624CCB7BDC358F3AE1155981 /* Pods_ImageSearchSample.framework */ = {isa = PBXFileReference; explicitFileType = wrapper.framework; includeInIndex = 0; path = Pods_ImageSearchSample.framework; sourceTree = BUILT_PRODUCTS_DIR; };
		762707D144CFDA3778D8A330 /* Pods-ImageSearchSample.release.xcconfig */ = {isa = PBXFileReference; includeInIndex = 1; lastKnownFileType = text.xcconfig; name = "Pods-ImageSearchSample.release.xcconfig"; path = "Pods/Target Support Files/Pods-ImageSearchSample/Pods-ImageSearchSample.release.xcconfig"; sourceTree = "<group>"; };
		ECF1EB41379021A4A017DE59 /* Pods-ImageSearchSample.debug.xcconfig */ = {isa = PBXFileReference; includeInIndex = 1; lastKnownFileType = text.xcconfig; name = "Pods-ImageSearchSample.debug.xcconfig"; path = "Pods/Target Support Files/Pods-ImageSearchSample/Pods-ImageSearchSample.debug.xcconfig"; sourceTree = "<group>"; };
/* End PBXFileReference section */

/* Begin PBXFrameworksBuildPhase section */
		31251FB1205C338B000EC06A /* Frameworks */ = {
			isa = PBXFrameworksBuildPhase;
			buildActionMask = 2147483647;
			files = (
				FDC7FDB73AA27349C56D1428 /* Pods_ImageSearchSample.framework in Frameworks */,
			);
			runOnlyForDeploymentPostprocessing = 0;
		};
/* End PBXFrameworksBuildPhase section */

/* Begin PBXGroup section */
		31251FAB205C338B000EC06A = {
			isa = PBXGroup;
			children = (
				31251FB6205C338B000EC06A /* ImageSearchSample */,
				31251FB5205C338B000EC06A /* Products */,
				88367C1A83318E20C20C6A76 /* Pods */,
				F57987DEFBF76CB050144DA8 /* Frameworks */,
			);
			sourceTree = "<group>";
		};
		31251FB5205C338B000EC06A /* Products */ = {
			isa = PBXGroup;
			children = (
				31251FB4205C338B000EC06A /* ImageSearchSample.app */,
			);
			name = Products;
			sourceTree = "<group>";
		};
		31251FB6205C338B000EC06A /* ImageSearchSample */ = {
			isa = PBXGroup;
			children = (
				31251FB7205C338B000EC06A /* AppDelegate.swift */,
				31251FB9205C338B000EC06A /* ViewController.swift */,
				31251FC9205C3789000EC06A /* SearchModel.swift */,
				31251FCB205C37E6000EC06A /* SearchViewModel.swift */,
				31251FCD205C3836000EC06A /* HttpClient.swift */,
				31251FBB205C338B000EC06A /* Main.storyboard */,
				3161318420D9FA4800A4008C /* ImageCollectionViewCell.swift */,
				31251FBE205C338B000EC06A /* Assets.xcassets */,
				31251FC0205C338B000EC06A /* LaunchScreen.storyboard */,
				31251FC3205C338B000EC06A /* Info.plist */,
			);
			path = ImageSearchSample;
			sourceTree = "<group>";
		};
		88367C1A83318E20C20C6A76 /* Pods */ = {
			isa = PBXGroup;
			children = (
				ECF1EB41379021A4A017DE59 /* Pods-ImageSearchSample.debug.xcconfig */,
				762707D144CFDA3778D8A330 /* Pods-ImageSearchSample.release.xcconfig */,
			);
			name = Pods;
			sourceTree = "<group>";
		};
		F57987DEFBF76CB050144DA8 /* Frameworks */ = {
			isa = PBXGroup;
			children = (
				624CCB7BDC358F3AE1155981 /* Pods_ImageSearchSample.framework */,
			);
			name = Frameworks;
			sourceTree = "<group>";
		};
/* End PBXGroup section */

/* Begin PBXNativeTarget section */
		31251FB3205C338B000EC06A /* ImageSearchSample */ = {
			isa = PBXNativeTarget;
			buildConfigurationList = 31251FC6205C338B000EC06A /* Build configuration list for PBXNativeTarget "ImageSearchSample" */;
			buildPhases = (
				78D00159582BD88F299F111B /* [CP] Check Pods Manifest.lock */,
				31251FB0205C338B000EC06A /* Sources */,
				31251FB1205C338B000EC06A /* Frameworks */,
				31251FB2205C338B000EC06A /* Resources */,
				E5F0AEA1C2949103AA52B1C7 /* [CP] Embed Pods Frameworks */,
			);
			buildRules = (
			);
			dependencies = (
			);
			name = ImageSearchSample;
			productName = ImageSearchSample;
			productReference = 31251FB4205C338B000EC06A /* ImageSearchSample.app */;
			productType = "com.apple.product-type.application";
		};
/* End PBXNativeTarget section */

/* Begin PBXProject section */
		31251FAC205C338B000EC06A /* Project object */ = {
			isa = PBXProject;
			attributes = {
				LastSwiftUpdateCheck = 0920;
				LastUpgradeCheck = 0920;
				ORGANIZATIONNAME = cano;
				TargetAttributes = {
					31251FB3205C338B000EC06A = {
						CreatedOnToolsVersion = 9.2;
						ProvisioningStyle = Automatic;
					};
				};
			};
			buildConfigurationList = 31251FAF205C338B000EC06A /* Build configuration list for PBXProject "ImageSearchSample" */;
			compatibilityVersion = "Xcode 8.0";
			developmentRegion = en;
			hasScannedForEncodings = 0;
			knownRegions = (
				en,
				Base,
			);
			mainGroup = 31251FAB205C338B000EC06A;
			productRefGroup = 31251FB5205C338B000EC06A /* Products */;
			projectDirPath = "";
			projectRoot = "";
			targets = (
				31251FB3205C338B000EC06A /* ImageSearchSample */,
			);
		};
/* End PBXProject section */

/* Begin PBXResourcesBuildPhase section */
		31251FB2205C338B000EC06A /* Resources */ = {
			isa = PBXResourcesBuildPhase;
			buildActionMask = 2147483647;
			files = (
				31251FC2205C338B000EC06A /* LaunchScreen.storyboard in Resources */,
				31251FBF205C338B000EC06A /* Assets.xcassets in Resources */,
				31251FBD205C338B000EC06A /* Main.storyboard in Resources */,
			);
			runOnlyForDeploymentPostprocessing = 0;
		};
/* End PBXResourcesBuildPhase section */

/* Begin PBXShellScriptBuildPhase section */
		78D00159582BD88F299F111B /* [CP] Check Pods Manifest.lock */ = {
			isa = PBXShellScriptBuildPhase;
			buildActionMask = 2147483647;
			files = (
			);
			inputPaths = (
				"${PODS_PODFILE_DIR_PATH}/Podfile.lock",
				"${PODS_ROOT}/Manifest.lock",
			);
			name = "[CP] Check Pods Manifest.lock";
			outputPaths = (
				"$(DERIVED_FILE_DIR)/Pods-ImageSearchSample-checkManifestLockResult.txt",
			);
			runOnlyForDeploymentPostprocessing = 0;
			shellPath = /bin/sh;
			shellScript = "diff \"${PODS_PODFILE_DIR_PATH}/Podfile.lock\" \"${PODS_ROOT}/Manifest.lock\" > /dev/null\nif [ $? != 0 ] ; then\n    # print error to STDERR\n    echo \"error: The sandbox is not in sync with the Podfile.lock. Run 'pod install' or update your CocoaPods installation.\" >&2\n    exit 1\nfi\n# This output is used by Xcode 'outputs' to avoid re-running this script phase.\necho \"SUCCESS\" > \"${SCRIPT_OUTPUT_FILE_0}\"\n";
			showEnvVarsInLog = 0;
		};
		E5F0AEA1C2949103AA52B1C7 /* [CP] Embed Pods Frameworks */ = {
			isa = PBXShellScriptBuildPhase;
			buildActionMask = 2147483647;
			files = (
			);
			inputPaths = (
				"${SRCROOT}/Pods/Target Support Files/Pods-ImageSearchSample/Pods-ImageSearchSample-frameworks.sh",
				"${BUILT_PRODUCTS_DIR}/Alamofire/Alamofire.framework",
				"${BUILT_PRODUCTS_DIR}/AlamofireImage/AlamofireImage.framework",
				"${BUILT_PRODUCTS_DIR}/HTMLReader/HTMLReader.framework",
				"${BUILT_PRODUCTS_DIR}/NSObject+Rx/NSObject_Rx.framework",
				"${BUILT_PRODUCTS_DIR}/RxAlamofire/RxAlamofire.framework",
				"${BUILT_PRODUCTS_DIR}/RxCocoa/RxCocoa.framework",
				"${BUILT_PRODUCTS_DIR}/RxSwift/RxSwift.framework",
			);
			name = "[CP] Embed Pods Frameworks";
			outputPaths = (
				"${TARGET_BUILD_DIR}/${FRAMEWORKS_FOLDER_PATH}/Alamofire.framework",
				"${TARGET_BUILD_DIR}/${FRAMEWORKS_FOLDER_PATH}/AlamofireImage.framework",
				"${TARGET_BUILD_DIR}/${FRAMEWORKS_FOLDER_PATH}/HTMLReader.framework",
				"${TARGET_BUILD_DIR}/${FRAMEWORKS_FOLDER_PATH}/NSObject_Rx.framework",
				"${TARGET_BUILD_DIR}/${FRAMEWORKS_FOLDER_PATH}/RxAlamofire.framework",
				"${TARGET_BUILD_DIR}/${FRAMEWORKS_FOLDER_PATH}/RxCocoa.framework",
				"${TARGET_BUILD_DIR}/${FRAMEWORKS_FOLDER_PATH}/RxSwift.framework",
			);
			runOnlyForDeploymentPostprocessing = 0;
			shellPath = /bin/sh;
			shellScript = "\"${SRCROOT}/Pods/Target Support Files/Pods-ImageSearchSample/Pods-ImageSearchSample-frameworks.sh\"\n";
			showEnvVarsInLog = 0;
		};
/* End PBXShellScriptBuildPhase section */

/* Begin PBXSourcesBuildPhase section */
		31251FB0205C338B000EC06A /* Sources */ = {
			isa = PBXSourcesBuildPhase;
			buildActionMask = 2147483647;
			files = (
				3161318520D9FA4800A4008C /* ImageCollectionViewCell.swift in Sources */,
				31251FCE205C3836000EC06A /* HttpClient.swift in Sources */,
				31251FCA205C3789000EC06A /* SearchModel.swift in Sources */,
				31251FBA205C338B000EC06A /* ViewController.swift in Sources */,
				31251FCC205C37E6000EC06A /* SearchViewModel.swift in Sources */,
				31251FB8205C338B000EC06A /* AppDelegate.swift in Sources */,
			);
			runOnlyForDeploymentPostprocessing = 0;
		};
/* End PBXSourcesBuildPhase section */

/* Begin PBXVariantGroup section */
		31251FBB205C338B000EC06A /* Main.storyboard */ = {
			isa = PBXVariantGroup;
			children = (
				31251FBC205C338B000EC06A /* Base */,
			);
			name = Main.storyboard;
			sourceTree = "<group>";
		};
		31251FC0205C338B000EC06A /* LaunchScreen.storyboard */ = {
			isa = PBXVariantGroup;
			children = (
				31251FC1205C338B000EC06A /* Base */,
			);
			name = LaunchScreen.storyboard;
			sourceTree = "<group>";
		};
/* End PBXVariantGroup section */

/* Begin XCBuildConfiguration section */
		31251FC4205C338B000EC06A /* Debug */ = {
			isa = XCBuildConfiguration;
			buildSettings = {
				ALWAYS_SEARCH_USER_PATHS = NO;
				CLANG_ANALYZER_NONNULL = YES;
				CLANG_ANALYZER_NUMBER_OBJECT_CONVERSION = YES_AGGRESSIVE;
				CLANG_CXX_LANGUAGE_STANDARD = "gnu++14";
				CLANG_CXX_LIBRARY = "libc++";
				CLANG_ENABLE_MODULES = YES;
				CLANG_ENABLE_OBJC_ARC = YES;
				CLANG_WARN_BLOCK_CAPTURE_AUTORELEASING = YES;
				CLANG_WARN_BOOL_CONVERSION = YES;
				CLANG_WARN_COMMA = YES;
				CLANG_WARN_CONSTANT_CONVERSION = YES;
				CLANG_WARN_DIRECT_OBJC_ISA_USAGE = YES_ERROR;
				CLANG_WARN_DOCUMENTATION_COMMENTS = YES;
				CLANG_WARN_EMPTY_BODY = YES;
				CLANG_WARN_ENUM_CONVERSION = YES;
				CLANG_WARN_INFINITE_RECURSION = YES;
				CLANG_WARN_INT_CONVERSION = YES;
				CLANG_WARN_NON_LITERAL_NULL_CONVERSION = YES;
				CLANG_WARN_OBJC_LITERAL_CONVERSION = YES;
				CLANG_WARN_OBJC_ROOT_CLASS = YES_ERROR;
				CLANG_WARN_RANGE_LOOP_ANALYSIS = YES;
				CLANG_WARN_STRICT_PROTOTYPES = YES;
				CLANG_WARN_SUSPICIOUS_MOVE = YES;
				CLANG_WARN_UNGUARDED_AVAILABILITY = YES_AGGRESSIVE;
				CLANG_WARN_UNREACHABLE_CODE = YES;
				CLANG_WARN__DUPLICATE_METHOD_MATCH = YES;
				CODE_SIGN_IDENTITY = "iPhone Developer";
				COPY_PHASE_STRIP = NO;
				DEBUG_INFORMATION_FORMAT = dwarf;
				ENABLE_STRICT_OBJC_MSGSEND = YES;
				ENABLE_TESTABILITY = YES;
				GCC_C_LANGUAGE_STANDARD = gnu11;
				GCC_DYNAMIC_NO_PIC = NO;
				GCC_NO_COMMON_BLOCKS = YES;
				GCC_OPTIMIZATION_LEVEL = 0;
				GCC_PREPROCESSOR_DEFINITIONS = (
					"DEBUG=1",
					"$(inherited)",
				);
				GCC_WARN_64_TO_32_BIT_CONVERSION = YES;
				GCC_WARN_ABOUT_RETURN_TYPE = YES_ERROR;
				GCC_WARN_UNDECLARED_SELECTOR = YES;
				GCC_WARN_UNINITIALIZED_AUTOS = YES_AGGRESSIVE;
				GCC_WARN_UNUSED_FUNCTION = YES;
				GCC_WARN_UNUSED_VARIABLE = YES;
				IPHONEOS_DEPLOYMENT_TARGET = 11.2;
				MTL_ENABLE_DEBUG_INFO = YES;
				ONLY_ACTIVE_ARCH = YES;
				SDKROOT = iphoneos;
				SWIFT_ACTIVE_COMPILATION_CONDITIONS = DEBUG;
				SWIFT_OPTIMIZATION_LEVEL = "-Onone";
			};
			name = Debug;
		};
		31251FC5205C338B000EC06A /* Release */ = {
			isa = XCBuildConfiguration;
			buildSettings = {
				ALWAYS_SEARCH_USER_PATHS = NO;
				CLANG_ANALYZER_NONNULL = YES;
				CLANG_ANALYZER_NUMBER_OBJECT_CONVERSION = YES_AGGRESSIVE;
				CLANG_CXX_LANGUAGE_STANDARD = "gnu++14";
				CLANG_CXX_LIBRARY = "libc++";
				CLANG_ENABLE_MODULES = YES;
				CLANG_ENABLE_OBJC_ARC = YES;
				CLANG_WARN_BLOCK_CAPTURE_AUTORELEASING = YES;
				CLANG_WARN_BOOL_CONVERSION = YES;
				CLANG_WARN_COMMA = YES;
				CLANG_WARN_CONSTANT_CONVERSION = YES;
				CLANG_WARN_DIRECT_OBJC_ISA_USAGE = YES_ERROR;
				CLANG_WARN_DOCUMENTATION_COMMENTS = YES;
				CLANG_WARN_EMPTY_BODY = YES;
				CLANG_WARN_ENUM_CONVERSION = YES;
				CLANG_WARN_INFINITE_RECURSION = YES;
				CLANG_WARN_INT_CONVERSION = YES;
				CLANG_WARN_NON_LITERAL_NULL_CONVERSION = YES;
				CLANG_WARN_OBJC_LITERAL_CONVERSION = YES;
				CLANG_WARN_OBJC_ROOT_CLASS = YES_ERROR;
				CLANG_WARN_RANGE_LOOP_ANALYSIS = YES;
				CLANG_WARN_STRICT_PROTOTYPES = YES;
				CLANG_WARN_SUSPICIOUS_MOVE = YES;
				CLANG_WARN_UNGUARDED_AVAILABILITY = YES_AGGRESSIVE;
				CLANG_WARN_UNREACHABLE_CODE = YES;
				CLANG_WARN__DUPLICATE_METHOD_MATCH = YES;
				CODE_SIGN_IDENTITY = "iPhone Developer";
				COPY_PHASE_STRIP = NO;
				DEBUG_INFORMATION_FORMAT = "dwarf-with-dsym";
				ENABLE_NS_ASSERTIONS = NO;
				ENABLE_STRICT_OBJC_MSGSEND = YES;
				GCC_C_LANGUAGE_STANDARD = gnu11;
				GCC_NO_COMMON_BLOCKS = YES;
				GCC_WARN_64_TO_32_BIT_CONVERSION = YES;
				GCC_WARN_ABOUT_RETURN_TYPE = YES_ERROR;
				GCC_WARN_UNDECLARED_SELECTOR = YES;
				GCC_WARN_UNINITIALIZED_AUTOS = YES_AGGRESSIVE;
				GCC_WARN_UNUSED_FUNCTION = YES;
				GCC_WARN_UNUSED_VARIABLE = YES;
				IPHONEOS_DEPLOYMENT_TARGET = 11.2;
				MTL_ENABLE_DEBUG_INFO = NO;
				SDKROOT = iphoneos;
				SWIFT_OPTIMIZATION_LEVEL = "-Owholemodule";
				VALIDATE_PRODUCT = YES;
			};
			name = Release;
		};
		31251FC7205C338B000EC06A /* Debug */ = {
			isa = XCBuildConfiguration;
			baseConfigurationReference = ECF1EB41379021A4A017DE59 /* Pods-ImageSearchSample.debug.xcconfig */;
			buildSettings = {
				ASSETCATALOG_COMPILER_APPICON_NAME = AppIcon;
				CODE_SIGN_STYLE = Automatic;
				INFOPLIST_FILE = ImageSearchSample/Info.plist;
				LD_RUNPATH_SEARCH_PATHS = "$(inherited) @executable_path/Frameworks";
				PRODUCT_BUNDLE_IDENTIFIER = deskplate.ImageSearchSample;
				PRODUCT_NAME = "$(TARGET_NAME)";
				SWIFT_VERSION = 4.0;
				TARGETED_DEVICE_FAMILY = "1,2";
			};
			name = Debug;
		};
		31251FC8205C338B000EC06A /* Release */ = {
			isa = XCBuildConfiguration;
			baseConfigurationReference = 762707D144CFDA3778D8A330 /* Pods-ImageSearchSample.release.xcconfig */;
			buildSettings = {
				ASSETCATALOG_COMPILER_APPICON_NAME = AppIcon;
				CODE_SIGN_STYLE = Automatic;
				INFOPLIST_FILE = ImageSearchSample/Info.plist;
				LD_RUNPATH_SEARCH_PATHS = "$(inherited) @executable_path/Frameworks";
				PRODUCT_BUNDLE_IDENTIFIER = deskplate.ImageSearchSample;
				PRODUCT_NAME = "$(TARGET_NAME)";
				SWIFT_VERSION = 4.0;
				TARGETED_DEVICE_FAMILY = "1,2";
			};
			name = Release;
		};
/* End XCBuildConfiguration section */

/* Begin XCConfigurationList section */
		31251FAF205C338B000EC06A /* Build configuration list for PBXProject "ImageSearchSample" */ = {
			isa = XCConfigurationList;
			buildConfigurations = (
				31251FC4205C338B000EC06A /* Debug */,
				31251FC5205C338B000EC06A /* Release */,
			);
			defaultConfigurationIsVisible = 0;
			defaultConfigurationName = Release;
		};
		31251FC6205C338B000EC06A /* Build configuration list for PBXNativeTarget "ImageSearchSample" */ = {
			isa = XCConfigurationList;
			buildConfigurations = (
				31251FC7205C338B000EC06A /* Debug */,
				31251FC8205C338B000EC06A /* Release */,
			);
			defaultConfigurationIsVisible = 0;
			defaultConfigurationName = Release;
		};
/* End XCConfigurationList section */
	};
	rootObject = 31251FAC205C338B000EC06A /* Project object */;
}
